{
    "_readme": [
        "This file locks the dependencies of your project to a known state",
        "Read more about it at https://getcomposer.org/doc/01-basic-usage.md#composer-lock-the-lock-file",
        "This file is @generated automatically"
    ],
    "hash": "b56bb3dc284113fd17e7b74aec07ca48",
    "content-hash": "9f50cf19f5a876258ff80b8f0d4c416a",
    "packages": [
        {
            "name": "amitkhare/easy-translator",
            "version": "0.0.2",
            "source": {
                "type": "git",
                "url": "https://github.com/amitkhare/easy-translator.git",
                "reference": "10ce73ac1f906e5b59ac6d7f4fedcbe6cf4bcbb7"
            },
            "dist": {
                "type": "zip",
                "url": "https://api.github.com/repos/amitkhare/easy-translator/zipball/10ce73ac1f906e5b59ac6d7f4fedcbe6cf4bcbb7",
                "reference": "10ce73ac1f906e5b59ac6d7f4fedcbe6cf4bcbb7",
                "shasum": ""
            },
            "require": {
                "php": ">=5.5.0"
            },
            "type": "library",
            "autoload": {
                "psr-4": {
                    "AmitKhare\\": "src/"
                }
            },
            "notification-url": "https://packagist.org/downloads/",
            "license": [
                "MIT"
            ],
            "authors": [
                {
                    "name": "Amit Kumar Khare",
                    "email": "me.amitkhare@gmail.com"
                }
            ],
            "description": "Easy Translator is an easy and simple PHP translation library",
            "homepage": "http://github.com/amitkhare/easy-translator",
            "time": "2017-09-28 08:05:41"
        }
    ],
    "packages-dev": [],
    "aliases": [],
    "minimum-stability": "stable",
    "stability-flags": [],
    "prefer-stable": false,
    "prefer-lowest": false,
    "platform": {
        "php": ">=5.5.0"
    },
    "platform-dev": []
}
